// !$*UTF8*$!
{
	archiveVersion = 1;
	classes = {
	};
	objectVersion = 51;
	objects = {

/* Begin PBXBuildFile section */
		031603F48B79323B574769C8 /* Pods_BACsterTests.framework in Frameworks */ = {isa = PBXBuildFile; fileRef = 5323B2B6827573E37E0785BB /* Pods_BACsterTests.framework */; };
		2EA9264E0A0D8B1A78C0AFE4 /* libPods-WatchBACster Extension.a in Frameworks */ = {isa = PBXBuildFile; fileRef = 48E87C772568AD031F546A30 /* libPods-WatchBACster Extension.a */; };
		5A457F3E25D35D26001D4772 /* checkmark.json in Resources */ = {isa = PBXBuildFile; fileRef = 5A457F3D25D35D26001D4772 /* checkmark.json */; };
		5A457F5325D73157001D4772 /* DrinkQuestions.swift in Sources */ = {isa = PBXBuildFile; fileRef = 5A457F5225D73157001D4772 /* DrinkQuestions.swift */; };
		5A7731C325F3FE04009611E8 /* OnboardingFlow.swift in Sources */ = {isa = PBXBuildFile; fileRef = 5A7731C225F3FE04009611E8 /* OnboardingFlow.swift */; };
		5A7731C825F456AA009611E8 /* champagne.json in Resources */ = {isa = PBXBuildFile; fileRef = 5A7731C725F456AA009611E8 /* champagne.json */; };
		5A9BA6022578279B00739E04 /* AppDelegate.swift in Sources */ = {isa = PBXBuildFile; fileRef = 5A9BA6012578279B00739E04 /* AppDelegate.swift */; };
		5A9BA6062578279B00739E04 /* TrackerViewController.swift in Sources */ = {isa = PBXBuildFile; fileRef = 5A9BA6052578279B00739E04 /* TrackerViewController.swift */; };
		5A9BA60E2578279D00739E04 /* Assets.xcassets in Resources */ = {isa = PBXBuildFile; fileRef = 5A9BA60D2578279D00739E04 /* Assets.xcassets */; };
		5A9BA6112578279D00739E04 /* LaunchScreen.storyboard in Resources */ = {isa = PBXBuildFile; fileRef = 5A9BA60F2578279D00739E04 /* LaunchScreen.storyboard */; };
		5A9BA61C2578279E00739E04 /* Bacster2Tests.swift in Sources */ = {isa = PBXBuildFile; fileRef = 5A9BA61B2578279E00739E04 /* Bacster2Tests.swift */; };
		5A9BA6272578279E00739E04 /* Bacster2UITests.swift in Sources */ = {isa = PBXBuildFile; fileRef = 5A9BA6262578279E00739E04 /* Bacster2UITests.swift */; };
		5A9BA6442578301200739E04 /* HomeCVController.swift in Sources */ = {isa = PBXBuildFile; fileRef = 5A9BA6432578301200739E04 /* HomeCVController.swift */; };
		5A9BA6492578301A00739E04 /* HistoryViewController.swift in Sources */ = {isa = PBXBuildFile; fileRef = 5A9BA6482578301A00739E04 /* HistoryViewController.swift */; };
		5A9BA659257C88A500739E04 /* TabBarController.swift in Sources */ = {isa = PBXBuildFile; fileRef = 5A9BA658257C88A500739E04 /* TabBarController.swift */; };
		5A9BA65E257C8E4800739E04 /* UINavCon.swift in Sources */ = {isa = PBXBuildFile; fileRef = 5A9BA65D257C8E4800739E04 /* UINavCon.swift */; };
		5AD498A62665A13400A864C2 /* SceneDelegate.swift in Sources */ = {isa = PBXBuildFile; fileRef = 5AD498A52665A13400A864C2 /* SceneDelegate.swift */; };
		5AD498B02665A4E400A864C2 /* Interface.storyboard in Resources */ = {isa = PBXBuildFile; fileRef = 5AD498AE2665A4E400A864C2 /* Interface.storyboard */; };
		5AD498B22665A4E600A864C2 /* Assets.xcassets in Resources */ = {isa = PBXBuildFile; fileRef = 5AD498B12665A4E600A864C2 /* Assets.xcassets */; };
		5AD498B92665A4E700A864C2 /* WatchBACster Extension.appex in Embed App Extensions */ = {isa = PBXBuildFile; fileRef = 5AD498B82665A4E700A864C2 /* WatchBACster Extension.appex */; settings = {ATTRIBUTES = (RemoveHeadersOnCopy, ); }; };
		5AD498C02665A4E700A864C2 /* ExtensionDelegate.swift in Sources */ = {isa = PBXBuildFile; fileRef = 5AD498BF2665A4E700A864C2 /* ExtensionDelegate.swift */; };
		5AD498C22665A4E700A864C2 /* ComplicationController.swift in Sources */ = {isa = PBXBuildFile; fileRef = 5AD498C12665A4E700A864C2 /* ComplicationController.swift */; };
		5AD498C42665A4E700A864C2 /* Assets.xcassets in Resources */ = {isa = PBXBuildFile; fileRef = 5AD498C32665A4E700A864C2 /* Assets.xcassets */; };
		5AD498F9266A867E00A864C2 /* DrinkQuestions.swift in Sources */ = {isa = PBXBuildFile; fileRef = 5A457F5225D73157001D4772 /* DrinkQuestions.swift */; };
		5AD4991F266D249F00A864C2 /* InterfaceController.swift in Sources */ = {isa = PBXBuildFile; fileRef = 5AD498DC266A7EAF00A864C2 /* InterfaceController.swift */; };
		658F1A990066055D231DC767 /* Pods_BACster.framework in Frameworks */ = {isa = PBXBuildFile; fileRef = 8B9BCA2FC44C89C51ABBA852 /* Pods_BACster.framework */; };
		CEE0BD633FD6970DC5D04326 /* Pods_BACster_BACsterUITests.framework in Frameworks */ = {isa = PBXBuildFile; fileRef = C233853D07FB761D337E7FD1 /* Pods_BACster_BACsterUITests.framework */; };
/* End PBXBuildFile section */

/* Begin PBXContainerItemProxy section */
		5A9BA6182578279D00739E04 /* PBXContainerItemProxy */ = {
			isa = PBXContainerItemProxy;
			containerPortal = 5A9BA5F62578279B00739E04 /* Project object */;
			proxyType = 1;
			remoteGlobalIDString = 5A9BA5FD2578279B00739E04;
			remoteInfo = Bacster2;
		};
		5A9BA6232578279E00739E04 /* PBXContainerItemProxy */ = {
			isa = PBXContainerItemProxy;
			containerPortal = 5A9BA5F62578279B00739E04 /* Project object */;
			proxyType = 1;
			remoteGlobalIDString = 5A9BA5FD2578279B00739E04;
			remoteInfo = Bacster2;
		};
		5AD498BA2665A4E700A864C2 /* PBXContainerItemProxy */ = {
			isa = PBXContainerItemProxy;
			containerPortal = 5A9BA5F62578279B00739E04 /* Project object */;
			proxyType = 1;
			remoteGlobalIDString = 5AD498B72665A4E700A864C2;
			remoteInfo = "WatchBACster Extension";
		};
/* End PBXContainerItemProxy section */

/* Begin PBXCopyFilesBuildPhase section */
		5AD498CC2665A4E700A864C2 /* Embed App Extensions */ = {
			isa = PBXCopyFilesBuildPhase;
			buildActionMask = 2147483647;
			dstPath = "";
			dstSubfolderSpec = 13;
			files = (
				5AD498B92665A4E700A864C2 /* WatchBACster Extension.appex in Embed App Extensions */,
			);
			name = "Embed App Extensions";
			runOnlyForDeploymentPostprocessing = 0;
		};
		5AD498D02665A4E700A864C2 /* Embed Watch Content */ = {
			isa = PBXCopyFilesBuildPhase;
			buildActionMask = 2147483647;
			dstPath = "$(CONTENTS_FOLDER_PATH)/Watch";
			dstSubfolderSpec = 16;
			files = (
			);
			name = "Embed Watch Content";
			runOnlyForDeploymentPostprocessing = 0;
		};
/* End PBXCopyFilesBuildPhase section */

/* Begin PBXFileReference section */
		48E87C772568AD031F546A30 /* libPods-WatchBACster Extension.a */ = {isa = PBXFileReference; explicitFileType = archive.ar; includeInIndex = 0; path = "libPods-WatchBACster Extension.a"; sourceTree = BUILT_PRODUCTS_DIR; };
		4B102B9480EF55B1876E9134 /* Pods-BACster.release.xcconfig */ = {isa = PBXFileReference; includeInIndex = 1; lastKnownFileType = text.xcconfig; name = "Pods-BACster.release.xcconfig"; path = "Target Support Files/Pods-BACster/Pods-BACster.release.xcconfig"; sourceTree = "<group>"; };
		5323B2B6827573E37E0785BB /* Pods_BACsterTests.framework */ = {isa = PBXFileReference; explicitFileType = wrapper.framework; includeInIndex = 0; path = Pods_BACsterTests.framework; sourceTree = BUILT_PRODUCTS_DIR; };
		5A457F3D25D35D26001D4772 /* checkmark.json */ = {isa = PBXFileReference; fileEncoding = 4; lastKnownFileType = text.json; name = checkmark.json; path = Assets.xcassets/checkmark.json; sourceTree = "<group>"; };
		5A457F5225D73157001D4772 /* DrinkQuestions.swift */ = {isa = PBXFileReference; lastKnownFileType = sourcecode.swift; path = DrinkQuestions.swift; sourceTree = "<group>"; };
		5A7731C225F3FE04009611E8 /* OnboardingFlow.swift */ = {isa = PBXFileReference; lastKnownFileType = sourcecode.swift; path = OnboardingFlow.swift; sourceTree = "<group>"; };
		5A7731C725F456AA009611E8 /* champagne.json */ = {isa = PBXFileReference; fileEncoding = 4; lastKnownFileType = text.json; path = champagne.json; sourceTree = "<group>"; };
		5A7C4A21266D2C91003A4C0E /* BACsterTests.xctest */ = {isa = PBXFileReference; explicitFileType = wrapper.cfbundle; includeInIndex = 0; path = BACsterTests.xctest; sourceTree = BUILT_PRODUCTS_DIR; };
		5A7C4A22266D2C91003A4C0E /* BACsterUITests.xctest */ = {isa = PBXFileReference; explicitFileType = wrapper.cfbundle; includeInIndex = 0; path = BACsterUITests.xctest; sourceTree = BUILT_PRODUCTS_DIR; };
		5A9BA6012578279B00739E04 /* AppDelegate.swift */ = {isa = PBXFileReference; lastKnownFileType = sourcecode.swift; path = AppDelegate.swift; sourceTree = "<group>"; };
		5A9BA6052578279B00739E04 /* TrackerViewController.swift */ = {isa = PBXFileReference; lastKnownFileType = sourcecode.swift; path = TrackerViewController.swift; sourceTree = "<group>"; };
		5A9BA60D2578279D00739E04 /* Assets.xcassets */ = {isa = PBXFileReference; lastKnownFileType = folder.assetcatalog; path = Assets.xcassets; sourceTree = "<group>"; };
		5A9BA6102578279D00739E04 /* Base */ = {isa = PBXFileReference; lastKnownFileType = file.storyboard; name = Base; path = Base.lproj/LaunchScreen.storyboard; sourceTree = "<group>"; };
		5A9BA6122578279D00739E04 /* Info.plist */ = {isa = PBXFileReference; lastKnownFileType = text.plist.xml; path = Info.plist; sourceTree = "<group>"; };
		5A9BA61B2578279E00739E04 /* Bacster2Tests.swift */ = {isa = PBXFileReference; lastKnownFileType = sourcecode.swift; path = Bacster2Tests.swift; sourceTree = "<group>"; };
		5A9BA61D2578279E00739E04 /* Info.plist */ = {isa = PBXFileReference; lastKnownFileType = text.plist.xml; path = Info.plist; sourceTree = "<group>"; };
		5A9BA6262578279E00739E04 /* Bacster2UITests.swift */ = {isa = PBXFileReference; lastKnownFileType = sourcecode.swift; path = Bacster2UITests.swift; sourceTree = "<group>"; };
		5A9BA6282578279E00739E04 /* Info.plist */ = {isa = PBXFileReference; lastKnownFileType = text.plist.xml; path = Info.plist; sourceTree = "<group>"; };
		5A9BA6432578301200739E04 /* HomeCVController.swift */ = {isa = PBXFileReference; fileEncoding = 4; lastKnownFileType = sourcecode.swift; path = HomeCVController.swift; sourceTree = "<group>"; };
		5A9BA6482578301A00739E04 /* HistoryViewController.swift */ = {isa = PBXFileReference; fileEncoding = 4; lastKnownFileType = sourcecode.swift; path = HistoryViewController.swift; sourceTree = "<group>"; };
		5A9BA658257C88A500739E04 /* TabBarController.swift */ = {isa = PBXFileReference; lastKnownFileType = sourcecode.swift; path = TabBarController.swift; sourceTree = "<group>"; };
		5A9BA65D257C8E4800739E04 /* UINavCon.swift */ = {isa = PBXFileReference; fileEncoding = 4; lastKnownFileType = sourcecode.swift; path = UINavCon.swift; sourceTree = "<group>"; };
		5AD4989626659F1000A864C2 /* BACster.app */ = {isa = PBXFileReference; explicitFileType = wrapper.application; includeInIndex = 0; path = BACster.app; sourceTree = BUILT_PRODUCTS_DIR; };
		5AD498A52665A13400A864C2 /* SceneDelegate.swift */ = {isa = PBXFileReference; fileEncoding = 4; lastKnownFileType = sourcecode.swift; path = SceneDelegate.swift; sourceTree = "<group>"; };
		5AD498AC2665A4E400A864C2 /* WatchBACster.app */ = {isa = PBXFileReference; explicitFileType = wrapper.application; includeInIndex = 0; path = WatchBACster.app; sourceTree = BUILT_PRODUCTS_DIR; };
		5AD498AF2665A4E400A864C2 /* Base */ = {isa = PBXFileReference; lastKnownFileType = file.storyboard; name = Base; path = Base.lproj/Interface.storyboard; sourceTree = "<group>"; };
		5AD498B12665A4E600A864C2 /* Assets.xcassets */ = {isa = PBXFileReference; lastKnownFileType = folder.assetcatalog; path = Assets.xcassets; sourceTree = "<group>"; };
		5AD498B32665A4E600A864C2 /* Info.plist */ = {isa = PBXFileReference; lastKnownFileType = text.plist.xml; path = Info.plist; sourceTree = "<group>"; };
		5AD498B82665A4E700A864C2 /* WatchBACster Extension.appex */ = {isa = PBXFileReference; explicitFileType = "wrapper.app-extension"; includeInIndex = 0; path = "WatchBACster Extension.appex"; sourceTree = BUILT_PRODUCTS_DIR; };
		5AD498BF2665A4E700A864C2 /* ExtensionDelegate.swift */ = {isa = PBXFileReference; lastKnownFileType = sourcecode.swift; path = ExtensionDelegate.swift; sourceTree = "<group>"; };
		5AD498C12665A4E700A864C2 /* ComplicationController.swift */ = {isa = PBXFileReference; lastKnownFileType = sourcecode.swift; path = ComplicationController.swift; sourceTree = "<group>"; };
		5AD498C32665A4E700A864C2 /* Assets.xcassets */ = {isa = PBXFileReference; lastKnownFileType = folder.assetcatalog; path = Assets.xcassets; sourceTree = "<group>"; };
		5AD498C52665A4E700A864C2 /* Info.plist */ = {isa = PBXFileReference; lastKnownFileType = text.plist.xml; path = Info.plist; sourceTree = "<group>"; };
		5AD498DC266A7EAF00A864C2 /* InterfaceController.swift */ = {isa = PBXFileReference; lastKnownFileType = sourcecode.swift; path = InterfaceController.swift; sourceTree = "<group>"; };
		5F229398C9A853A1E84B2287 /* Pods-BACsterTests.debug.xcconfig */ = {isa = PBXFileReference; includeInIndex = 1; lastKnownFileType = text.xcconfig; name = "Pods-BACsterTests.debug.xcconfig"; path = "Target Support Files/Pods-BACsterTests/Pods-BACsterTests.debug.xcconfig"; sourceTree = "<group>"; };
		8B9BCA2FC44C89C51ABBA852 /* Pods_BACster.framework */ = {isa = PBXFileReference; explicitFileType = wrapper.framework; includeInIndex = 0; path = Pods_BACster.framework; sourceTree = BUILT_PRODUCTS_DIR; };
		C233853D07FB761D337E7FD1 /* Pods_BACster_BACsterUITests.framework */ = {isa = PBXFileReference; explicitFileType = wrapper.framework; includeInIndex = 0; path = Pods_BACster_BACsterUITests.framework; sourceTree = BUILT_PRODUCTS_DIR; };
		C38B7571EBF0983376A78B16 /* Pods-BACster-BACsterUITests.release.xcconfig */ = {isa = PBXFileReference; includeInIndex = 1; lastKnownFileType = text.xcconfig; name = "Pods-BACster-BACsterUITests.release.xcconfig"; path = "Target Support Files/Pods-BACster-BACsterUITests/Pods-BACster-BACsterUITests.release.xcconfig"; sourceTree = "<group>"; };
		C4954D83FDD18C03942BF2D5 /* Pods-BACsterTests.release.xcconfig */ = {isa = PBXFileReference; includeInIndex = 1; lastKnownFileType = text.xcconfig; name = "Pods-BACsterTests.release.xcconfig"; path = "Target Support Files/Pods-BACsterTests/Pods-BACsterTests.release.xcconfig"; sourceTree = "<group>"; };
		CB3B3C51F3E53434B2A852E8 /* Pods-WatchBACster Extension.release.xcconfig */ = {isa = PBXFileReference; includeInIndex = 1; lastKnownFileType = text.xcconfig; name = "Pods-WatchBACster Extension.release.xcconfig"; path = "Target Support Files/Pods-WatchBACster Extension/Pods-WatchBACster Extension.release.xcconfig"; sourceTree = "<group>"; };
		D5D7B8AA13EE21AC382CD5CA /* Pods-WatchBACster Extension.debug.xcconfig */ = {isa = PBXFileReference; includeInIndex = 1; lastKnownFileType = text.xcconfig; name = "Pods-WatchBACster Extension.debug.xcconfig"; path = "Target Support Files/Pods-WatchBACster Extension/Pods-WatchBACster Extension.debug.xcconfig"; sourceTree = "<group>"; };
		DB17CB55367669F2199BA50D /* Pods-BACster-BACsterUITests.debug.xcconfig */ = {isa = PBXFileReference; includeInIndex = 1; lastKnownFileType = text.xcconfig; name = "Pods-BACster-BACsterUITests.debug.xcconfig"; path = "Target Support Files/Pods-BACster-BACsterUITests/Pods-BACster-BACsterUITests.debug.xcconfig"; sourceTree = "<group>"; };
		F9029089421E7CEE4619C9EC /* Pods-BACster.debug.xcconfig */ = {isa = PBXFileReference; includeInIndex = 1; lastKnownFileType = text.xcconfig; name = "Pods-BACster.debug.xcconfig"; path = "Target Support Files/Pods-BACster/Pods-BACster.debug.xcconfig"; sourceTree = "<group>"; };
/* End PBXFileReference section */

/* Begin PBXFrameworksBuildPhase section */
		5A9BA5FB2578279B00739E04 /* Frameworks */ = {
			isa = PBXFrameworksBuildPhase;
			buildActionMask = 2147483647;
			files = (
				658F1A990066055D231DC767 /* Pods_BACster.framework in Frameworks */,
			);
			runOnlyForDeploymentPostprocessing = 0;
		};
		5A9BA6142578279D00739E04 /* Frameworks */ = {
			isa = PBXFrameworksBuildPhase;
			buildActionMask = 2147483647;
			files = (
				031603F48B79323B574769C8 /* Pods_BACsterTests.framework in Frameworks */,
			);
			runOnlyForDeploymentPostprocessing = 0;
		};
		5A9BA61F2578279E00739E04 /* Frameworks */ = {
			isa = PBXFrameworksBuildPhase;
			buildActionMask = 2147483647;
			files = (
				CEE0BD633FD6970DC5D04326 /* Pods_BACster_BACsterUITests.framework in Frameworks */,
			);
			runOnlyForDeploymentPostprocessing = 0;
		};
		5AD498B52665A4E700A864C2 /* Frameworks */ = {
			isa = PBXFrameworksBuildPhase;
			buildActionMask = 2147483647;
			files = (
				2EA9264E0A0D8B1A78C0AFE4 /* libPods-WatchBACster Extension.a in Frameworks */,
			);
			runOnlyForDeploymentPostprocessing = 0;
		};
		6BBD22C2403EEE641E6488B5 /* Frameworks */ = {
			isa = PBXFrameworksBuildPhase;
			buildActionMask = 2147483647;
			files = (
			);
			runOnlyForDeploymentPostprocessing = 0;
		};
/* End PBXFrameworksBuildPhase section */

/* Begin PBXGroup section */
		45EA2423833B529395F51734 /* Frameworks */ = {
			isa = PBXGroup;
			children = (
				8B9BCA2FC44C89C51ABBA852 /* Pods_BACster.framework */,
				C233853D07FB761D337E7FD1 /* Pods_BACster_BACsterUITests.framework */,
				5323B2B6827573E37E0785BB /* Pods_BACsterTests.framework */,
				48E87C772568AD031F546A30 /* libPods-WatchBACster Extension.a */,
			);
			name = Frameworks;
			sourceTree = "<group>";
		};
		5A9BA5F52578279B00739E04 = {
			isa = PBXGroup;
			children = (
				5A9BA6002578279B00739E04 /* BACster */,
				5A9BA61A2578279D00739E04 /* Bacster2Tests */,
				5A9BA6252578279E00739E04 /* Bacster2UITests */,
				644691E1D0CAEB8903524538 /* Pods */,
				5AD4989626659F1000A864C2 /* BACster.app */,
				5AD498AC2665A4E400A864C2 /* WatchBACster.app */,
				5AD498AD2665A4E400A864C2 /* WatchBACster */,
				5AD498B82665A4E700A864C2 /* WatchBACster Extension.appex */,
				5AD498BC2665A4E700A864C2 /* WatchBACster Extension */,
				45EA2423833B529395F51734 /* Frameworks */,
				5A7C4A21266D2C91003A4C0E /* BACsterTests.xctest */,
				5A7C4A22266D2C91003A4C0E /* BACsterUITests.xctest */,
			);
			sourceTree = "<group>";
		};
		5A9BA6002578279B00739E04 /* BACster */ = {
			isa = PBXGroup;
			children = (
				5AD498A52665A13400A864C2 /* SceneDelegate.swift */,
				5A9BA6012578279B00739E04 /* AppDelegate.swift */,
				5A9BA658257C88A500739E04 /* TabBarController.swift */,
				5A9BA65D257C8E4800739E04 /* UINavCon.swift */,
				5A9BA6052578279B00739E04 /* TrackerViewController.swift */,
				5A457F5225D73157001D4772 /* DrinkQuestions.swift */,
				5A9BA6432578301200739E04 /* HomeCVController.swift */,
				5A7731C225F3FE04009611E8 /* OnboardingFlow.swift */,
				5A7731C725F456AA009611E8 /* champagne.json */,
				5A9BA6482578301A00739E04 /* HistoryViewController.swift */,
				5A9BA60D2578279D00739E04 /* Assets.xcassets */,
				5A457F3D25D35D26001D4772 /* checkmark.json */,
				5A9BA60F2578279D00739E04 /* LaunchScreen.storyboard */,
				5A9BA6122578279D00739E04 /* Info.plist */,
			);
			path = BACster;
			sourceTree = "<group>";
		};
		5A9BA61A2578279D00739E04 /* Bacster2Tests */ = {
			isa = PBXGroup;
			children = (
				5A9BA61B2578279E00739E04 /* Bacster2Tests.swift */,
				5A9BA61D2578279E00739E04 /* Info.plist */,
			);
			name = Bacster2Tests;
			path = BACsterTests;
			sourceTree = "<group>";
		};
		5A9BA6252578279E00739E04 /* Bacster2UITests */ = {
			isa = PBXGroup;
			children = (
				5A9BA6262578279E00739E04 /* Bacster2UITests.swift */,
				5A9BA6282578279E00739E04 /* Info.plist */,
			);
			name = Bacster2UITests;
			path = BACsterUITests;
			sourceTree = "<group>";
		};
		5AD498AD2665A4E400A864C2 /* WatchBACster */ = {
			isa = PBXGroup;
			children = (
				5AD498AE2665A4E400A864C2 /* Interface.storyboard */,
				5AD498B12665A4E600A864C2 /* Assets.xcassets */,
				5AD498B32665A4E600A864C2 /* Info.plist */,
				5AD498DC266A7EAF00A864C2 /* InterfaceController.swift */,
			);
			path = WatchBACster;
			sourceTree = "<group>";
		};
		5AD498BC2665A4E700A864C2 /* WatchBACster Extension */ = {
			isa = PBXGroup;
			children = (
				5AD498BF2665A4E700A864C2 /* ExtensionDelegate.swift */,
				5AD498C12665A4E700A864C2 /* ComplicationController.swift */,
				5AD498C32665A4E700A864C2 /* Assets.xcassets */,
				5AD498C52665A4E700A864C2 /* Info.plist */,
			);
			path = "WatchBACster Extension";
			sourceTree = "<group>";
		};
		644691E1D0CAEB8903524538 /* Pods */ = {
			isa = PBXGroup;
			children = (
				F9029089421E7CEE4619C9EC /* Pods-BACster.debug.xcconfig */,
				4B102B9480EF55B1876E9134 /* Pods-BACster.release.xcconfig */,
				DB17CB55367669F2199BA50D /* Pods-BACster-BACsterUITests.debug.xcconfig */,
				C38B7571EBF0983376A78B16 /* Pods-BACster-BACsterUITests.release.xcconfig */,
				5F229398C9A853A1E84B2287 /* Pods-BACsterTests.debug.xcconfig */,
				C4954D83FDD18C03942BF2D5 /* Pods-BACsterTests.release.xcconfig */,
				D5D7B8AA13EE21AC382CD5CA /* Pods-WatchBACster Extension.debug.xcconfig */,
				CB3B3C51F3E53434B2A852E8 /* Pods-WatchBACster Extension.release.xcconfig */,
			);
			path = Pods;
			sourceTree = "<group>";
		};
/* End PBXGroup section */

/* Begin PBXNativeTarget section */
		5A9BA5FD2578279B00739E04 /* BACster */ = {
			isa = PBXNativeTarget;
			buildConfigurationList = 5A9BA62B2578279E00739E04 /* Build configuration list for PBXNativeTarget "BACster" */;
			buildPhases = (
				90AC55E9C1838265CFFF733E /* [CP] Check Pods Manifest.lock */,
				5A9BA5FA2578279B00739E04 /* Sources */,
				5A9BA5FB2578279B00739E04 /* Frameworks */,
				5A9BA5FC2578279B00739E04 /* Resources */,
				21141C501309DC5F0544C5BC /* [CP] Embed Pods Frameworks */,
				5AD498D02665A4E700A864C2 /* Embed Watch Content */,
			);
			buildRules = (
			);
			dependencies = (
			);
			name = BACster;
			productName = Bacster2;
			productReference = 5AD4989626659F1000A864C2 /* BACster.app */;
			productType = "com.apple.product-type.application";
		};
		5A9BA6162578279D00739E04 /* BACsterTests */ = {
			isa = PBXNativeTarget;
			buildConfigurationList = 5A9BA62E2578279E00739E04 /* Build configuration list for PBXNativeTarget "BACsterTests" */;
			buildPhases = (
				6C18FD7F6D66E889408134E4 /* [CP] Check Pods Manifest.lock */,
				5A9BA6132578279D00739E04 /* Sources */,
				5A9BA6142578279D00739E04 /* Frameworks */,
				5A9BA6152578279D00739E04 /* Resources */,
			);
			buildRules = (
			);
			dependencies = (
				5A9BA6192578279D00739E04 /* PBXTargetDependency */,
			);
			name = BACsterTests;
			productName = Bacster2Tests;
			productReference = 5A7C4A21266D2C91003A4C0E /* BACsterTests.xctest */;
			productType = "com.apple.product-type.bundle.unit-test";
		};
		5A9BA6212578279E00739E04 /* BACsterUITests */ = {
			isa = PBXNativeTarget;
			buildConfigurationList = 5A9BA6312578279E00739E04 /* Build configuration list for PBXNativeTarget "BACsterUITests" */;
			buildPhases = (
				09968DA959F576180DD001B1 /* [CP] Check Pods Manifest.lock */,
				5A9BA61E2578279E00739E04 /* Sources */,
				5A9BA61F2578279E00739E04 /* Frameworks */,
				5A9BA6202578279E00739E04 /* Resources */,
				A54357C742F9207DE445CE7E /* [CP] Embed Pods Frameworks */,
			);
			buildRules = (
			);
			dependencies = (
				5A9BA6242578279E00739E04 /* PBXTargetDependency */,
			);
			name = BACsterUITests;
			productName = Bacster2UITests;
			productReference = 5A7C4A22266D2C91003A4C0E /* BACsterUITests.xctest */;
			productType = "com.apple.product-type.bundle.ui-testing";
		};
		5AD498AB2665A4E400A864C2 /* WatchBACster */ = {
			isa = PBXNativeTarget;
			buildConfigurationList = 5AD498CD2665A4E700A864C2 /* Build configuration list for PBXNativeTarget "WatchBACster" */;
			buildPhases = (
				5AD498AA2665A4E400A864C2 /* Resources */,
				5AD498CC2665A4E700A864C2 /* Embed App Extensions */,
				6BBD22C2403EEE641E6488B5 /* Frameworks */,
			);
			buildRules = (
			);
			dependencies = (
				5AD498BB2665A4E700A864C2 /* PBXTargetDependency */,
			);
			name = WatchBACster;
			productName = WatchBACster;
			productReference = 5AD498AC2665A4E400A864C2 /* WatchBACster.app */;
			productType = "com.apple.product-type.application.watchapp2";
		};
		5AD498B72665A4E700A864C2 /* WatchBACster Extension */ = {
			isa = PBXNativeTarget;
			buildConfigurationList = 5AD498C92665A4E700A864C2 /* Build configuration list for PBXNativeTarget "WatchBACster Extension" */;
			buildPhases = (
				DF5B4935288E4C5514F158DF /* [CP] Check Pods Manifest.lock */,
				5AD498B42665A4E700A864C2 /* Sources */,
				5AD498B52665A4E700A864C2 /* Frameworks */,
				5AD498B62665A4E700A864C2 /* Resources */,
			);
			buildRules = (
			);
			dependencies = (
			);
			name = "WatchBACster Extension";
			productName = "WatchBACster Extension";
			productReference = 5AD498B82665A4E700A864C2 /* WatchBACster Extension.appex */;
			productType = "com.apple.product-type.watchkit2-extension";
		};
/* End PBXNativeTarget section */

/* Begin PBXProject section */
		5A9BA5F62578279B00739E04 /* Project object */ = {
			isa = PBXProject;
			attributes = {
				LastSwiftUpdateCheck = 1210;
				LastUpgradeCheck = 1210;
				TargetAttributes = {
					5A9BA5FD2578279B00739E04 = {
						CreatedOnToolsVersion = 12.1;
					};
					5A9BA6162578279D00739E04 = {
						CreatedOnToolsVersion = 12.1;
						TestTargetID = 5A9BA5FD2578279B00739E04;
					};
					5A9BA6212578279E00739E04 = {
						CreatedOnToolsVersion = 12.1;
						TestTargetID = 5A9BA5FD2578279B00739E04;
					};
					5AD498AB2665A4E400A864C2 = {
						CreatedOnToolsVersion = 12.1;
					};
					5AD498B72665A4E700A864C2 = {
						CreatedOnToolsVersion = 12.1;
					};
				};
			};
			buildConfigurationList = 5A9BA5F92578279B00739E04 /* Build configuration list for PBXProject "BACster" */;
			compatibilityVersion = "Xcode 9.3";
			developmentRegion = en;
			hasScannedForEncodings = 0;
			knownRegions = (
				en,
				Base,
			);
			mainGroup = 5A9BA5F52578279B00739E04;
			productRefGroup = 5A9BA5F52578279B00739E04;
			projectDirPath = "";
			projectRoot = "";
			targets = (
				5A9BA5FD2578279B00739E04 /* BACster */,
				5A9BA6162578279D00739E04 /* BACsterTests */,
				5A9BA6212578279E00739E04 /* BACsterUITests */,
				5AD498AB2665A4E400A864C2 /* WatchBACster */,
				5AD498B72665A4E700A864C2 /* WatchBACster Extension */,
			);
		};
/* End PBXProject section */

/* Begin PBXResourcesBuildPhase section */
		5A9BA5FC2578279B00739E04 /* Resources */ = {
			isa = PBXResourcesBuildPhase;
			buildActionMask = 2147483647;
			files = (
				5A9BA6112578279D00739E04 /* LaunchScreen.storyboard in Resources */,
				5A9BA60E2578279D00739E04 /* Assets.xcassets in Resources */,
				5A7731C825F456AA009611E8 /* champagne.json in Resources */,
				5A457F3E25D35D26001D4772 /* checkmark.json in Resources */,
			);
			runOnlyForDeploymentPostprocessing = 0;
		};
		5A9BA6152578279D00739E04 /* Resources */ = {
			isa = PBXResourcesBuildPhase;
			buildActionMask = 2147483647;
			files = (
			);
			runOnlyForDeploymentPostprocessing = 0;
		};
		5A9BA6202578279E00739E04 /* Resources */ = {
			isa = PBXResourcesBuildPhase;
			buildActionMask = 2147483647;
			files = (
			);
			runOnlyForDeploymentPostprocessing = 0;
		};
		5AD498AA2665A4E400A864C2 /* Resources */ = {
			isa = PBXResourcesBuildPhase;
			buildActionMask = 2147483647;
			files = (
				5AD498B22665A4E600A864C2 /* Assets.xcassets in Resources */,
				5AD498B02665A4E400A864C2 /* Interface.storyboard in Resources */,
			);
			runOnlyForDeploymentPostprocessing = 0;
		};
		5AD498B62665A4E700A864C2 /* Resources */ = {
			isa = PBXResourcesBuildPhase;
			buildActionMask = 2147483647;
			files = (
				5AD498C42665A4E700A864C2 /* Assets.xcassets in Resources */,
			);
			runOnlyForDeploymentPostprocessing = 0;
		};
/* End PBXResourcesBuildPhase section */

/* Begin PBXShellScriptBuildPhase section */
		09968DA959F576180DD001B1 /* [CP] Check Pods Manifest.lock */ = {
			isa = PBXShellScriptBuildPhase;
			buildActionMask = 2147483647;
			files = (
			);
			inputFileListPaths = (
			);
			inputPaths = (
				"${PODS_PODFILE_DIR_PATH}/Podfile.lock",
				"${PODS_ROOT}/Manifest.lock",
			);
			name = "[CP] Check Pods Manifest.lock";
			outputFileListPaths = (
			);
			outputPaths = (
				"$(DERIVED_FILE_DIR)/Pods-BACster-BACsterUITests-checkManifestLockResult.txt",
			);
			runOnlyForDeploymentPostprocessing = 0;
			shellPath = /bin/sh;
			shellScript = "diff \"${PODS_PODFILE_DIR_PATH}/Podfile.lock\" \"${PODS_ROOT}/Manifest.lock\" > /dev/null\nif [ $? != 0 ] ; then\n    # print error to STDERR\n    echo \"error: The sandbox is not in sync with the Podfile.lock. Run 'pod install' or update your CocoaPods installation.\" >&2\n    exit 1\nfi\n# This output is used by Xcode 'outputs' to avoid re-running this script phase.\necho \"SUCCESS\" > \"${SCRIPT_OUTPUT_FILE_0}\"\n";
			showEnvVarsInLog = 0;
		};
		21141C501309DC5F0544C5BC /* [CP] Embed Pods Frameworks */ = {
			isa = PBXShellScriptBuildPhase;
			buildActionMask = 2147483647;
			files = (
			);
			inputFileListPaths = (
				"${PODS_ROOT}/Target Support Files/Pods-BACster/Pods-BACster-frameworks-${CONFIGURATION}-input-files.xcfilelist",
			);
			name = "[CP] Embed Pods Frameworks";
			outputFileListPaths = (
				"${PODS_ROOT}/Target Support Files/Pods-BACster/Pods-BACster-frameworks-${CONFIGURATION}-output-files.xcfilelist",
			);
			runOnlyForDeploymentPostprocessing = 0;
			shellPath = /bin/sh;
			shellScript = "\"${PODS_ROOT}/Target Support Files/Pods-BACster/Pods-BACster-frameworks.sh\"\n";
			showEnvVarsInLog = 0;
		};
		6C18FD7F6D66E889408134E4 /* [CP] Check Pods Manifest.lock */ = {
			isa = PBXShellScriptBuildPhase;
			buildActionMask = 2147483647;
			files = (
			);
			inputFileListPaths = (
			);
			inputPaths = (
				"${PODS_PODFILE_DIR_PATH}/Podfile.lock",
				"${PODS_ROOT}/Manifest.lock",
			);
			name = "[CP] Check Pods Manifest.lock";
			outputFileListPaths = (
			);
			outputPaths = (
				"$(DERIVED_FILE_DIR)/Pods-BACsterTests-checkManifestLockResult.txt",
			);
			runOnlyForDeploymentPostprocessing = 0;
			shellPath = /bin/sh;
			shellScript = "diff \"${PODS_PODFILE_DIR_PATH}/Podfile.lock\" \"${PODS_ROOT}/Manifest.lock\" > /dev/null\nif [ $? != 0 ] ; then\n    # print error to STDERR\n    echo \"error: The sandbox is not in sync with the Podfile.lock. Run 'pod install' or update your CocoaPods installation.\" >&2\n    exit 1\nfi\n# This output is used by Xcode 'outputs' to avoid re-running this script phase.\necho \"SUCCESS\" > \"${SCRIPT_OUTPUT_FILE_0}\"\n";
			showEnvVarsInLog = 0;
		};
		90AC55E9C1838265CFFF733E /* [CP] Check Pods Manifest.lock */ = {
			isa = PBXShellScriptBuildPhase;
			buildActionMask = 2147483647;
			files = (
			);
			inputFileListPaths = (
			);
			inputPaths = (
				"${PODS_PODFILE_DIR_PATH}/Podfile.lock",
				"${PODS_ROOT}/Manifest.lock",
			);
			name = "[CP] Check Pods Manifest.lock";
			outputFileListPaths = (
			);
			outputPaths = (
				"$(DERIVED_FILE_DIR)/Pods-BACster-checkManifestLockResult.txt",
			);
			runOnlyForDeploymentPostprocessing = 0;
			shellPath = /bin/sh;
			shellScript = "diff \"${PODS_PODFILE_DIR_PATH}/Podfile.lock\" \"${PODS_ROOT}/Manifest.lock\" > /dev/null\nif [ $? != 0 ] ; then\n    # print error to STDERR\n    echo \"error: The sandbox is not in sync with the Podfile.lock. Run 'pod install' or update your CocoaPods installation.\" >&2\n    exit 1\nfi\n# This output is used by Xcode 'outputs' to avoid re-running this script phase.\necho \"SUCCESS\" > \"${SCRIPT_OUTPUT_FILE_0}\"\n";
			showEnvVarsInLog = 0;
		};
		A54357C742F9207DE445CE7E /* [CP] Embed Pods Frameworks */ = {
			isa = PBXShellScriptBuildPhase;
			buildActionMask = 2147483647;
			files = (
			);
			inputFileListPaths = (
				"${PODS_ROOT}/Target Support Files/Pods-BACster-BACsterUITests/Pods-BACster-BACsterUITests-frameworks-${CONFIGURATION}-input-files.xcfilelist",
			);
			name = "[CP] Embed Pods Frameworks";
			outputFileListPaths = (
				"${PODS_ROOT}/Target Support Files/Pods-BACster-BACsterUITests/Pods-BACster-BACsterUITests-frameworks-${CONFIGURATION}-output-files.xcfilelist",
			);
			runOnlyForDeploymentPostprocessing = 0;
			shellPath = /bin/sh;
			shellScript = "\"${PODS_ROOT}/Target Support Files/Pods-BACster-BACsterUITests/Pods-BACster-BACsterUITests-frameworks.sh\"\n";
			showEnvVarsInLog = 0;
		};
		DF5B4935288E4C5514F158DF /* [CP] Check Pods Manifest.lock */ = {
			isa = PBXShellScriptBuildPhase;
			buildActionMask = 2147483647;
			files = (
			);
			inputFileListPaths = (
			);
			inputPaths = (
				"${PODS_PODFILE_DIR_PATH}/Podfile.lock",
				"${PODS_ROOT}/Manifest.lock",
			);
			name = "[CP] Check Pods Manifest.lock";
			outputFileListPaths = (
			);
			outputPaths = (
				"$(DERIVED_FILE_DIR)/Pods-WatchBACster Extension-checkManifestLockResult.txt",
			);
			runOnlyForDeploymentPostprocessing = 0;
			shellPath = /bin/sh;
			shellScript = "diff \"${PODS_PODFILE_DIR_PATH}/Podfile.lock\" \"${PODS_ROOT}/Manifest.lock\" > /dev/null\nif [ $? != 0 ] ; then\n    # print error to STDERR\n    echo \"error: The sandbox is not in sync with the Podfile.lock. Run 'pod install' or update your CocoaPods installation.\" >&2\n    exit 1\nfi\n# This output is used by Xcode 'outputs' to avoid re-running this script phase.\necho \"SUCCESS\" > \"${SCRIPT_OUTPUT_FILE_0}\"\n";
			showEnvVarsInLog = 0;
		};
/* End PBXShellScriptBuildPhase section */

/* Begin PBXSourcesBuildPhase section */
		5A9BA5FA2578279B00739E04 /* Sources */ = {
			isa = PBXSourcesBuildPhase;
			buildActionMask = 2147483647;
			files = (
				5A9BA6442578301200739E04 /* HomeCVController.swift in Sources */,
				5A9BA65E257C8E4800739E04 /* UINavCon.swift in Sources */,
				5A9BA6062578279B00739E04 /* TrackerViewController.swift in Sources */,
				5A9BA6022578279B00739E04 /* AppDelegate.swift in Sources */,
				5A9BA6492578301A00739E04 /* HistoryViewController.swift in Sources */,
				5A7731C325F3FE04009611E8 /* OnboardingFlow.swift in Sources */,
				5A9BA659257C88A500739E04 /* TabBarController.swift in Sources */,
				5A457F5325D73157001D4772 /* DrinkQuestions.swift in Sources */,
				5AD498A62665A13400A864C2 /* SceneDelegate.swift in Sources */,
			);
			runOnlyForDeploymentPostprocessing = 0;
		};
		5A9BA6132578279D00739E04 /* Sources */ = {
			isa = PBXSourcesBuildPhase;
			buildActionMask = 2147483647;
			files = (
				5A9BA61C2578279E00739E04 /* Bacster2Tests.swift in Sources */,
			);
			runOnlyForDeploymentPostprocessing = 0;
		};
		5A9BA61E2578279E00739E04 /* Sources */ = {
			isa = PBXSourcesBuildPhase;
			buildActionMask = 2147483647;
			files = (
				5A9BA6272578279E00739E04 /* Bacster2UITests.swift in Sources */,
			);
			runOnlyForDeploymentPostprocessing = 0;
		};
		5AD498B42665A4E700A864C2 /* Sources */ = {
			isa = PBXSourcesBuildPhase;
			buildActionMask = 2147483647;
			files = (
				5AD498C02665A4E700A864C2 /* ExtensionDelegate.swift in Sources */,
				5AD4991F266D249F00A864C2 /* InterfaceController.swift in Sources */,
				5AD498F9266A867E00A864C2 /* DrinkQuestions.swift in Sources */,
				5AD498C22665A4E700A864C2 /* ComplicationController.swift in Sources */,
			);
			runOnlyForDeploymentPostprocessing = 0;
		};
/* End PBXSourcesBuildPhase section */

/* Begin PBXTargetDependency section */
		5A9BA6192578279D00739E04 /* PBXTargetDependency */ = {
			isa = PBXTargetDependency;
			target = 5A9BA5FD2578279B00739E04 /* BACster */;
			targetProxy = 5A9BA6182578279D00739E04 /* PBXContainerItemProxy */;
		};
		5A9BA6242578279E00739E04 /* PBXTargetDependency */ = {
			isa = PBXTargetDependency;
			target = 5A9BA5FD2578279B00739E04 /* BACster */;
			targetProxy = 5A9BA6232578279E00739E04 /* PBXContainerItemProxy */;
		};
		5AD498BB2665A4E700A864C2 /* PBXTargetDependency */ = {
			isa = PBXTargetDependency;
			target = 5AD498B72665A4E700A864C2 /* WatchBACster Extension */;
			targetProxy = 5AD498BA2665A4E700A864C2 /* PBXContainerItemProxy */;
		};
/* End PBXTargetDependency section */

/* Begin PBXVariantGroup section */
		5A9BA60F2578279D00739E04 /* LaunchScreen.storyboard */ = {
			isa = PBXVariantGroup;
			children = (
				5A9BA6102578279D00739E04 /* Base */,
			);
			name = LaunchScreen.storyboard;
			sourceTree = "<group>";
		};
		5AD498AE2665A4E400A864C2 /* Interface.storyboard */ = {
			isa = PBXVariantGroup;
			children = (
				5AD498AF2665A4E400A864C2 /* Base */,
			);
			name = Interface.storyboard;
			sourceTree = "<group>";
		};
/* End PBXVariantGroup section */

/* Begin XCBuildConfiguration section */
		5A9BA6292578279E00739E04 /* Debug */ = {
			isa = XCBuildConfiguration;
			buildSettings = {
				ALWAYS_SEARCH_USER_PATHS = NO;
				CLANG_ANALYZER_NONNULL = YES;
				CLANG_ANALYZER_NUMBER_OBJECT_CONVERSION = YES_AGGRESSIVE;
				CLANG_CXX_LANGUAGE_STANDARD = "gnu++14";
				CLANG_CXX_LIBRARY = "libc++";
				CLANG_ENABLE_MODULES = YES;
				CLANG_ENABLE_OBJC_ARC = YES;
				CLANG_ENABLE_OBJC_WEAK = YES;
				CLANG_WARN_BLOCK_CAPTURE_AUTORELEASING = YES;
				CLANG_WARN_BOOL_CONVERSION = YES;
				CLANG_WARN_COMMA = YES;
				CLANG_WARN_CONSTANT_CONVERSION = YES;
				CLANG_WARN_DEPRECATED_OBJC_IMPLEMENTATIONS = YES;
				CLANG_WARN_DIRECT_OBJC_ISA_USAGE = YES_ERROR;
				CLANG_WARN_DOCUMENTATION_COMMENTS = YES;
				CLANG_WARN_EMPTY_BODY = YES;
				CLANG_WARN_ENUM_CONVERSION = YES;
				CLANG_WARN_INFINITE_RECURSION = YES;
				CLANG_WARN_INT_CONVERSION = YES;
				CLANG_WARN_NON_LITERAL_NULL_CONVERSION = YES;
				CLANG_WARN_OBJC_IMPLICIT_RETAIN_SELF = YES;
				CLANG_WARN_OBJC_LITERAL_CONVERSION = YES;
				CLANG_WARN_OBJC_ROOT_CLASS = YES_ERROR;
				CLANG_WARN_QUOTED_INCLUDE_IN_FRAMEWORK_HEADER = YES;
				CLANG_WARN_RANGE_LOOP_ANALYSIS = YES;
				CLANG_WARN_STRICT_PROTOTYPES = YES;
				CLANG_WARN_SUSPICIOUS_MOVE = YES;
				CLANG_WARN_UNGUARDED_AVAILABILITY = YES_AGGRESSIVE;
				CLANG_WARN_UNREACHABLE_CODE = YES;
				CLANG_WARN__DUPLICATE_METHOD_MATCH = YES;
				COPY_PHASE_STRIP = NO;
				DEBUG_INFORMATION_FORMAT = dwarf;
				ENABLE_STRICT_OBJC_MSGSEND = YES;
				ENABLE_TESTABILITY = YES;
				GCC_C_LANGUAGE_STANDARD = gnu11;
				GCC_DYNAMIC_NO_PIC = NO;
				GCC_NO_COMMON_BLOCKS = YES;
				GCC_OPTIMIZATION_LEVEL = 0;
				GCC_PREPROCESSOR_DEFINITIONS = (
					"DEBUG=1",
					"$(inherited)",
				);
				GCC_WARN_64_TO_32_BIT_CONVERSION = YES;
				GCC_WARN_ABOUT_RETURN_TYPE = YES_ERROR;
				GCC_WARN_UNDECLARED_SELECTOR = YES;
				GCC_WARN_UNINITIALIZED_AUTOS = YES_AGGRESSIVE;
				GCC_WARN_UNUSED_FUNCTION = YES;
				GCC_WARN_UNUSED_VARIABLE = YES;
				IPHONEOS_DEPLOYMENT_TARGET = 14.1;
				MTL_ENABLE_DEBUG_INFO = INCLUDE_SOURCE;
				MTL_FAST_MATH = YES;
				ONLY_ACTIVE_ARCH = YES;
				SDKROOT = iphoneos;
				SWIFT_ACTIVE_COMPILATION_CONDITIONS = DEBUG;
				SWIFT_OPTIMIZATION_LEVEL = "-Onone";
			};
			name = Debug;
		};
		5A9BA62A2578279E00739E04 /* Release */ = {
			isa = XCBuildConfiguration;
			buildSettings = {
				ALWAYS_SEARCH_USER_PATHS = NO;
				CLANG_ANALYZER_NONNULL = YES;
				CLANG_ANALYZER_NUMBER_OBJECT_CONVERSION = YES_AGGRESSIVE;
				CLANG_CXX_LANGUAGE_STANDARD = "gnu++14";
				CLANG_CXX_LIBRARY = "libc++";
				CLANG_ENABLE_MODULES = YES;
				CLANG_ENABLE_OBJC_ARC = YES;
				CLANG_ENABLE_OBJC_WEAK = YES;
				CLANG_WARN_BLOCK_CAPTURE_AUTORELEASING = YES;
				CLANG_WARN_BOOL_CONVERSION = YES;
				CLANG_WARN_COMMA = YES;
				CLANG_WARN_CONSTANT_CONVERSION = YES;
				CLANG_WARN_DEPRECATED_OBJC_IMPLEMENTATIONS = YES;
				CLANG_WARN_DIRECT_OBJC_ISA_USAGE = YES_ERROR;
				CLANG_WARN_DOCUMENTATION_COMMENTS = YES;
				CLANG_WARN_EMPTY_BODY = YES;
				CLANG_WARN_ENUM_CONVERSION = YES;
				CLANG_WARN_INFINITE_RECURSION = YES;
				CLANG_WARN_INT_CONVERSION = YES;
				CLANG_WARN_NON_LITERAL_NULL_CONVERSION = YES;
				CLANG_WARN_OBJC_IMPLICIT_RETAIN_SELF = YES;
				CLANG_WARN_OBJC_LITERAL_CONVERSION = YES;
				CLANG_WARN_OBJC_ROOT_CLASS = YES_ERROR;
				CLANG_WARN_QUOTED_INCLUDE_IN_FRAMEWORK_HEADER = YES;
				CLANG_WARN_RANGE_LOOP_ANALYSIS = YES;
				CLANG_WARN_STRICT_PROTOTYPES = YES;
				CLANG_WARN_SUSPICIOUS_MOVE = YES;
				CLANG_WARN_UNGUARDED_AVAILABILITY = YES_AGGRESSIVE;
				CLANG_WARN_UNREACHABLE_CODE = YES;
				CLANG_WARN__DUPLICATE_METHOD_MATCH = YES;
				COPY_PHASE_STRIP = NO;
				DEBUG_INFORMATION_FORMAT = "dwarf-with-dsym";
				ENABLE_NS_ASSERTIONS = NO;
				ENABLE_STRICT_OBJC_MSGSEND = YES;
				GCC_C_LANGUAGE_STANDARD = gnu11;
				GCC_NO_COMMON_BLOCKS = YES;
				GCC_WARN_64_TO_32_BIT_CONVERSION = YES;
				GCC_WARN_ABOUT_RETURN_TYPE = YES_ERROR;
				GCC_WARN_UNDECLARED_SELECTOR = YES;
				GCC_WARN_UNINITIALIZED_AUTOS = YES_AGGRESSIVE;
				GCC_WARN_UNUSED_FUNCTION = YES;
				GCC_WARN_UNUSED_VARIABLE = YES;
				IPHONEOS_DEPLOYMENT_TARGET = 14.1;
				MTL_ENABLE_DEBUG_INFO = NO;
				MTL_FAST_MATH = YES;
				SDKROOT = iphoneos;
				SWIFT_COMPILATION_MODE = wholemodule;
				SWIFT_OPTIMIZATION_LEVEL = "-O";
				VALIDATE_PRODUCT = YES;
			};
			name = Release;
		};
		5A9BA62C2578279E00739E04 /* Debug */ = {
			isa = XCBuildConfiguration;
			baseConfigurationReference = F9029089421E7CEE4619C9EC /* Pods-BACster.debug.xcconfig */;
			buildSettings = {
				ASSETCATALOG_COMPILER_APPICON_NAME = AppIcon;
				ASSETCATALOG_COMPILER_GLOBAL_ACCENT_COLOR_NAME = AccentColor;
				CODE_SIGN_ENTITLEMENTS = BACster/BACster.entitlements;
				CODE_SIGN_IDENTITY = "iPhone Distribution";
				CODE_SIGN_STYLE = Manual;
				DEVELOPMENT_TEAM = BMGTL3AAMK;
				EXCLUDED_SOURCE_FILE_NAMES = Main.swift;
				INFOPLIST_FILE = BACster/Info.plist;
				LD_RUNPATH_SEARCH_PATHS = (
					"$(inherited)",
					"@executable_path/Frameworks",
				);
				PRODUCT_BUNDLE_IDENTIFIER = com.adamcircle.BACster;
				PRODUCT_NAME = "$(TARGET_NAME)";
				PROVISIONING_PROFILE_SPECIFIER = "BACster App Store Distribution";
				SWIFT_VERSION = 5.0;
				TARGETED_DEVICE_FAMILY = 1;
			};
			name = Debug;
		};
		5A9BA62D2578279E00739E04 /* Release */ = {
			isa = XCBuildConfiguration;
			baseConfigurationReference = 4B102B9480EF55B1876E9134 /* Pods-BACster.release.xcconfig */;
			buildSettings = {
				ASSETCATALOG_COMPILER_APPICON_NAME = AppIcon;
				ASSETCATALOG_COMPILER_GLOBAL_ACCENT_COLOR_NAME = AccentColor;
				CODE_SIGN_ENTITLEMENTS = BACster/BACster.entitlements;
				CODE_SIGN_IDENTITY = "iPhone Distribution";
				CODE_SIGN_STYLE = Manual;
				DEVELOPMENT_TEAM = BMGTL3AAMK;
				EXCLUDED_SOURCE_FILE_NAMES = Main.swift;
				INFOPLIST_FILE = BACster/Info.plist;
				LD_RUNPATH_SEARCH_PATHS = (
					"$(inherited)",
					"@executable_path/Frameworks",
				);
				PRODUCT_BUNDLE_IDENTIFIER = com.adamcircle.BACster;
				PRODUCT_NAME = "$(TARGET_NAME)";
				PROVISIONING_PROFILE_SPECIFIER = "BACster App Store Distribution";
				SWIFT_VERSION = 5.0;
				TARGETED_DEVICE_FAMILY = 1;
			};
			name = Release;
		};
		5A9BA62F2578279E00739E04 /* Debug */ = {
			isa = XCBuildConfiguration;
			baseConfigurationReference = 5F229398C9A853A1E84B2287 /* Pods-BACsterTests.debug.xcconfig */;
			buildSettings = {
				ALWAYS_EMBED_SWIFT_STANDARD_LIBRARIES = YES;
				BUNDLE_LOADER = "$(TEST_HOST)";
				CODE_SIGN_STYLE = Automatic;
				INFOPLIST_FILE = Bacster2Tests/Info.plist;
				IPHONEOS_DEPLOYMENT_TARGET = 14.1;
				LD_RUNPATH_SEARCH_PATHS = (
					"$(inherited)",
					"@executable_path/Frameworks",
					"@loader_path/Frameworks",
				);
				PRODUCT_BUNDLE_IDENTIFIER = "Adam-Circle.Bacster2Tests";
				PRODUCT_NAME = "$(TARGET_NAME)";
				SWIFT_VERSION = 5.0;
				TARGETED_DEVICE_FAMILY = "1,2";
				TEST_HOST = "$(BUILT_PRODUCTS_DIR)/BACster.app/BACster";
			};
			name = Debug;
		};
		5A9BA6302578279E00739E04 /* Release */ = {
			isa = XCBuildConfiguration;
			baseConfigurationReference = C4954D83FDD18C03942BF2D5 /* Pods-BACsterTests.release.xcconfig */;
			buildSettings = {
				ALWAYS_EMBED_SWIFT_STANDARD_LIBRARIES = YES;
				BUNDLE_LOADER = "$(TEST_HOST)";
				CODE_SIGN_STYLE = Automatic;
				INFOPLIST_FILE = Bacster2Tests/Info.plist;
				IPHONEOS_DEPLOYMENT_TARGET = 14.1;
				LD_RUNPATH_SEARCH_PATHS = (
					"$(inherited)",
					"@executable_path/Frameworks",
					"@loader_path/Frameworks",
				);
				PRODUCT_BUNDLE_IDENTIFIER = "Adam-Circle.Bacster2Tests";
				PRODUCT_NAME = "$(TARGET_NAME)";
				SWIFT_VERSION = 5.0;
				TARGETED_DEVICE_FAMILY = "1,2";
				TEST_HOST = "$(BUILT_PRODUCTS_DIR)/BACster.app/BACster";
			};
			name = Release;
		};
		5A9BA6322578279E00739E04 /* Debug */ = {
			isa = XCBuildConfiguration;
			baseConfigurationReference = DB17CB55367669F2199BA50D /* Pods-BACster-BACsterUITests.debug.xcconfig */;
			buildSettings = {
				ALWAYS_EMBED_SWIFT_STANDARD_LIBRARIES = YES;
				CODE_SIGN_STYLE = Automatic;
				INFOPLIST_FILE = Bacster2UITests/Info.plist;
				LD_RUNPATH_SEARCH_PATHS = (
					"$(inherited)",
					"@executable_path/Frameworks",
					"@loader_path/Frameworks",
				);
				PRODUCT_BUNDLE_IDENTIFIER = "Adam-Circle.Bacster2UITests";
				PRODUCT_NAME = "$(TARGET_NAME)";
				SWIFT_VERSION = 5.0;
				TARGETED_DEVICE_FAMILY = "1,2";
				TEST_TARGET_NAME = Bacster2;
			};
			name = Debug;
		};
		5A9BA6332578279E00739E04 /* Release */ = {
			isa = XCBuildConfiguration;
			baseConfigurationReference = C38B7571EBF0983376A78B16 /* Pods-BACster-BACsterUITests.release.xcconfig */;
			buildSettings = {
				ALWAYS_EMBED_SWIFT_STANDARD_LIBRARIES = YES;
				CODE_SIGN_STYLE = Automatic;
				INFOPLIST_FILE = Bacster2UITests/Info.plist;
				LD_RUNPATH_SEARCH_PATHS = (
					"$(inherited)",
					"@executable_path/Frameworks",
					"@loader_path/Frameworks",
				);
				PRODUCT_BUNDLE_IDENTIFIER = "Adam-Circle.Bacster2UITests";
				PRODUCT_NAME = "$(TARGET_NAME)";
				SWIFT_VERSION = 5.0;
				TARGETED_DEVICE_FAMILY = "1,2";
				TEST_TARGET_NAME = Bacster2;
			};
			name = Release;
		};
		5AD498CA2665A4E700A864C2 /* Debug */ = {
			isa = XCBuildConfiguration;
			baseConfigurationReference = D5D7B8AA13EE21AC382CD5CA /* Pods-WatchBACster Extension.debug.xcconfig */;
			buildSettings = {
				ASSETCATALOG_COMPILER_COMPLICATION_NAME = Complication;
				CODE_SIGN_STYLE = Automatic;
				INFOPLIST_FILE = "WatchBACster Extension/Info.plist";
				LD_RUNPATH_SEARCH_PATHS = (
					"$(inherited)",
					"@executable_path/Frameworks",
					"@executable_path/../../Frameworks",
				);
				PRODUCT_BUNDLE_IDENTIFIER = "Adam-Circle.BACster.watchkitapp.watchkitextension";
				PRODUCT_NAME = "${TARGET_NAME}";
				SDKROOT = watchos;
				SKIP_INSTALL = YES;
				SWIFT_VERSION = 5.0;
				TARGETED_DEVICE_FAMILY = 4;
				WATCHOS_DEPLOYMENT_TARGET = 7.0;
			};
			name = Debug;
		};
		5AD498CB2665A4E700A864C2 /* Release */ = {
			isa = XCBuildConfiguration;
			baseConfigurationReference = CB3B3C51F3E53434B2A852E8 /* Pods-WatchBACster Extension.release.xcconfig */;
			buildSettings = {
				ASSETCATALOG_COMPILER_COMPLICATION_NAME = Complication;
				CODE_SIGN_STYLE = Automatic;
				INFOPLIST_FILE = "WatchBACster Extension/Info.plist";
				LD_RUNPATH_SEARCH_PATHS = (
					"$(inherited)",
					"@executable_path/Frameworks",
					"@executable_path/../../Frameworks",
				);
				PRODUCT_BUNDLE_IDENTIFIER = "Adam-Circle.BACster.watchkitapp.watchkitextension";
				PRODUCT_NAME = "${TARGET_NAME}";
				SDKROOT = watchos;
				SKIP_INSTALL = YES;
				SWIFT_VERSION = 5.0;
				TARGETED_DEVICE_FAMILY = 4;
				WATCHOS_DEPLOYMENT_TARGET = 7.0;
			};
			name = Release;
		};
		5AD498CE2665A4E700A864C2 /* Debug */ = {
			isa = XCBuildConfiguration;
			buildSettings = {
				ALWAYS_EMBED_SWIFT_STANDARD_LIBRARIES = YES;
				ASSETCATALOG_COMPILER_APPICON_NAME = AppIcon;
				ASSETCATALOG_COMPILER_GLOBAL_ACCENT_COLOR_NAME = AccentColor;
				CODE_SIGN_STYLE = Automatic;
				IBSC_MODULE = WatchBACster_Extension;
				INFOPLIST_FILE = WatchBACster/Info.plist;
				PRODUCT_BUNDLE_IDENTIFIER = "Adam-Circle.BACster.watchkitapp";
				PRODUCT_NAME = "$(TARGET_NAME)";
				SDKROOT = watchos;
				SKIP_INSTALL = YES;
				SWIFT_VERSION = 5.0;
				TARGETED_DEVICE_FAMILY = 4;
				WATCHOS_DEPLOYMENT_TARGET = 7.0;
			};
			name = Debug;
		};
		5AD498CF2665A4E700A864C2 /* Release */ = {
			isa = XCBuildConfiguration;
			buildSettings = {
				ALWAYS_EMBED_SWIFT_STANDARD_LIBRARIES = YES;
				ASSETCATALOG_COMPILER_APPICON_NAME = AppIcon;
				ASSETCATALOG_COMPILER_GLOBAL_ACCENT_COLOR_NAME = AccentColor;
				CODE_SIGN_STYLE = Automatic;
				IBSC_MODULE = WatchBACster_Extension;
				INFOPLIST_FILE = WatchBACster/Info.plist;
				PRODUCT_BUNDLE_IDENTIFIER = "Adam-Circle.BACster.watchkitapp";
				PRODUCT_NAME = "$(TARGET_NAME)";
				SDKROOT = watchos;
				SKIP_INSTALL = YES;
				SWIFT_VERSION = 5.0;
				TARGETED_DEVICE_FAMILY = 4;
				WATCHOS_DEPLOYMENT_TARGET = 7.0;
			};
			name = Release;
		};
/* End XCBuildConfiguration section */

/* Begin XCConfigurationList section */
		5A9BA5F92578279B00739E04 /* Build configuration list for PBXProject "BACster" */ = {
			isa = XCConfigurationList;
			buildConfigurations = (
				5A9BA6292578279E00739E04 /* Debug */,
				5A9BA62A2578279E00739E04 /* Release */,
			);
			defaultConfigurationIsVisible = 0;
			defaultConfigurationName = Release;
		};
		5A9BA62B2578279E00739E04 /* Build configuration list for PBXNativeTarget "BACster" */ = {
			isa = XCConfigurationList;
			buildConfigurations = (
				5A9BA62C2578279E00739E04 /* Debug */,
				5A9BA62D2578279E00739E04 /* Release */,
			);
			defaultConfigurationIsVisible = 0;
			defaultConfigurationName = Release;
		};
		5A9BA62E2578279E00739E04 /* Build configuration list for PBXNativeTarget "BACsterTests" */ = {
			isa = XCConfigurationList;
			buildConfigurations = (
				5A9BA62F2578279E00739E04 /* Debug */,
				5A9BA6302578279E00739E04 /* Release */,
			);
			defaultConfigurationIsVisible = 0;
			defaultConfigurationName = Release;
		};
		5A9BA6312578279E00739E04 /* Build configuration list for PBXNativeTarget "BACsterUITests" */ = {
			isa = XCConfigurationList;
			buildConfigurations = (
				5A9BA6322578279E00739E04 /* Debug */,
				5A9BA6332578279E00739E04 /* Release */,
			);
			defaultConfigurationIsVisible = 0;
			defaultConfigurationName = Release;
		};
		5AD498C92665A4E700A864C2 /* Build configuration list for PBXNativeTarget "WatchBACster Extension" */ = {
			isa = XCConfigurationList;
			buildConfigurations = (
				5AD498CA2665A4E700A864C2 /* Debug */,
				5AD498CB2665A4E700A864C2 /* Release */,
			);
			defaultConfigurationIsVisible = 0;
			defaultConfigurationName = Release;
		};
		5AD498CD2665A4E700A864C2 /* Build configuration list for PBXNativeTarget "WatchBACster" */ = {
			isa = XCConfigurationList;
			buildConfigurations = (
				5AD498CE2665A4E700A864C2 /* Debug */,
				5AD498CF2665A4E700A864C2 /* Release */,
			);
			defaultConfigurationIsVisible = 0;
			defaultConfigurationName = Release;
		};
/* End XCConfigurationList section */
	};
	rootObject = 5A9BA5F62578279B00739E04 /* Project object */;
}
